
Microsoft Visual Studio Solution File, Format Version 12.00
# Visual Studio Version 16
VisualStudioVersion = 16.0.30320.27
MinimumVisualStudioVersion = 10.0.40219.1
Project("{FAE04EC0-301F-11D3-BF4B-00C04F79EFBC}") = "ConsultaCepApp.UWP", "ConsultaCepApp\ConsultaCepApp.UWP\ConsultaCepApp.UWP.csproj", "{D8A9757E-EF85-4BE3-A3DD-0CB7C2BB2F1D}"
EndProject
Project("{FAE04EC0-301F-11D3-BF4B-00C04F79EFBC}") = "ConsultaCepApp.Android", "ConsultaCepApp\ConsultaCepApp.Android\ConsultaCepApp.Android.csproj", "{AA434907-AD89-4D27-AC2B-82EEB2A4BCB3}"
EndProject
Project("{FAE04EC0-301F-11D3-BF4B-00C04F79EFBC}") = "ConsultaCepApp.iOS", "ConsultaCepApp\ConsultaCepApp.iOS\ConsultaCepApp.iOS.csproj", "{54E42DD1-5388-499A-93F8-B2F3BF123C80}"
EndProject
Project("{FAE04EC0-301F-11D3-BF4B-00C04F79EFBC}") = "ConsultaCepApp", "ConsultaCepApp\ConsultaCepApp\ConsultaCepApp.csproj", "{865C54A4-4C72-445E-B95B-C6B1566856CC}"
EndProject
Global
	GlobalSection(SolutionConfigurationPlatforms) = preSolution
		Debug|Any CPU = Debug|Any CPU
		Debug|ARM = Debug|ARM
		Debug|iPhone = Debug|iPhone
		Debug|iPhoneSimulator = Debug|iPhoneSimulator
		Debug|x64 = Debug|x64
		Debug|x86 = Debug|x86
		Release|Any CPU = Release|Any CPU
		Release|ARM = Release|ARM
		Release|iPhone = Release|iPhone
		Release|iPhoneSimulator = Release|iPhoneSimulator
		Release|x64 = Release|x64
		Release|x86 = Release|x86
	EndGlobalSection
	GlobalSection(ProjectConfigurationPlatforms) = postSolution
		{D8A9757E-EF85-4BE3-A3DD-0CB7C2BB2F1D}.Debug|Any CPU.ActiveCfg = Debug|x86
		{D8A9757E-EF85-4BE3-A3DD-0CB7C2BB2F1D}.Debug|Any CPU.Build.0 = Debug|x86
		{D8A9757E-EF85-4BE3-A3DD-0CB7C2BB2F1D}.Debug|Any CPU.Deploy.0 = Debug|x86
		{D8A9757E-EF85-4BE3-A3DD-0CB7C2BB2F1D}.Debug|ARM.ActiveCfg = Debug|ARM
		{D8A9757E-EF85-4BE3-A3DD-0CB7C2BB2F1D}.Debug|ARM.Build.0 = Debug|ARM
		{D8A9757E-EF85-4BE3-A3DD-0CB7C2BB2F1D}.Debug|ARM.Deploy.0 = Debug|ARM
		{D8A9757E-EF85-4BE3-A3DD-0CB7C2BB2F1D}.Debug|iPhone.ActiveCfg = Debug|x86
		{D8A9757E-EF85-4BE3-A3DD-0CB7C2BB2F1D}.Debug|iPhone.Build.0 = Debug|x86
		{D8A9757E-EF85-4BE3-A3DD-0CB7C2BB2F1D}.Debug|iPhone.Deploy.0 = Debug|x86
		{D8A9757E-EF85-4BE3-A3DD-0CB7C2BB2F1D}.Debug|iPhoneSimulator.ActiveCfg = Debug|x86
		{D8A9757E-EF85-4BE3-A3DD-0CB7C2BB2F1D}.Debug|iPhoneSimulator.Build.0 = Debug|x86
		{D8A9757E-EF85-4BE3-A3DD-0CB7C2BB2F1D}.Debug|iPhoneSimulator.Deploy.0 = Debug|x86
		{D8A9757E-EF85-4BE3-A3DD-0CB7C2BB2F1D}.Debug|x64.ActiveCfg = Debug|x64
		{D8A9757E-EF85-4BE3-A3DD-0CB7C2BB2F1D}.Debug|x64.Build.0 = Debug|x64
		{D8A9757E-EF85-4BE3-A3DD-0CB7C2BB2F1D}.Debug|x64.Deploy.0 = Debug|x64
		{D8A9757E-EF85-4BE3-A3DD-0CB7C2BB2F1D}.Debug|x86.ActiveCfg = Debug|x86
		{D8A9757E-EF85-4BE3-A3DD-0CB7C2BB2F1D}.Debug|x86.Build.0 = Debug|x86
		{D8A9757E-EF85-4BE3-A3DD-0CB7C2BB2F1D}.Debug|x86.Deploy.0 = Debug|x86
		{D8A9757E-EF85-4BE3-A3DD-0CB7C2BB2F1D}.Release|Any CPU.ActiveCfg = Release|x86
		{D8A9757E-EF85-4BE3-A3DD-0CB7C2BB2F1D}.Release|Any CPU.Build.0 = Release|x86
		{D8A9757E-EF85-4BE3-A3DD-0CB7C2BB2F1D}.Release|Any CPU.Deploy.0 = Release|x86
		{D8A9757E-EF85-4BE3-A3DD-0CB7C2BB2F1D}.Release|ARM.ActiveCfg = Release|ARM
		{D8A9757E-EF85-4BE3-A3DD-0CB7C2BB2F1D}.Release|ARM.Build.0 = Release|ARM
		{D8A9757E-EF85-4BE3-A3DD-0CB7C2BB2F1D}.Release|ARM.Deploy.0 = Release|ARM
		{D8A9757E-EF85-4BE3-A3DD-0CB7C2BB2F1D}.Release|iPhone.ActiveCfg = Release|x86
		{D8A9757E-EF85-4BE3-A3DD-0CB7C2BB2F1D}.Release|iPhone.Build.0 = Release|x86
		{D8A9757E-EF85-4BE3-A3DD-0CB7C2BB2F1D}.Release|iPhone.Deploy.0 = Release|x86
		{D8A9757E-EF85-4BE3-A3DD-0CB7C2BB2F1D}.Release|iPhoneSimulator.ActiveCfg = Release|x86
		{D8A9757E-EF85-4BE3-A3DD-0CB7C2BB2F1D}.Release|iPhoneSimulator.Build.0 = Release|x86
		{D8A9757E-EF85-4BE3-A3DD-0CB7C2BB2F1D}.Release|iPhoneSimulator.Deploy.0 = Release|x86
		{D8A9757E-EF85-4BE3-A3DD-0CB7C2BB2F1D}.Release|x64.ActiveCfg = Release|x64
		{D8A9757E-EF85-4BE3-A3DD-0CB7C2BB2F1D}.Release|x64.Build.0 = Release|x64
		{D8A9757E-EF85-4BE3-A3DD-0CB7C2BB2F1D}.Release|x64.Deploy.0 = Release|x64
		{D8A9757E-EF85-4BE3-A3DD-0CB7C2BB2F1D}.Release|x86.ActiveCfg = Release|x86
		{D8A9757E-EF85-4BE3-A3DD-0CB7C2BB2F1D}.Release|x86.Build.0 = Release|x86
		{D8A9757E-EF85-4BE3-A3DD-0CB7C2BB2F1D}.Release|x86.Deploy.0 = Release|x86
		{AA434907-AD89-4D27-AC2B-82EEB2A4BCB3}.Debug|Any CPU.ActiveCfg = Debug|Any CPU
		{AA434907-AD89-4D27-AC2B-82EEB2A4BCB3}.Debug|Any CPU.Build.0 = Debug|Any CPU
		{AA434907-AD89-4D27-AC2B-82EEB2A4BCB3}.Debug|Any CPU.Deploy.0 = Debug|Any CPU
		{AA434907-AD89-4D27-AC2B-82EEB2A4BCB3}.Debug|ARM.ActiveCfg = Debug|Any CPU
		{AA434907-AD89-4D27-AC2B-82EEB2A4BCB3}.Debug|ARM.Build.0 = Debug|Any CPU
		{AA434907-AD89-4D27-AC2B-82EEB2A4BCB3}.Debug|ARM.Deploy.0 = Debug|Any CPU
		{AA434907-AD89-4D27-AC2B-82EEB2A4BCB3}.Debug|iPhone.ActiveCfg = Debug|Any CPU
		{AA434907-AD89-4D27-AC2B-82EEB2A4BCB3}.Debug|iPhone.Build.0 = Debug|Any CPU
		{AA434907-AD89-4D27-AC2B-82EEB2A4BCB3}.Debug|iPhone.Deploy.0 = Debug|Any CPU
		{AA434907-AD89-4D27-AC2B-82EEB2A4BCB3}.Debug|iPhoneSimulator.ActiveCfg = Debug|Any CPU
		{AA434907-AD89-4D27-AC2B-82EEB2A4BCB3}.Debug|iPhoneSimulator.Build.0 = Debug|Any CPU
		{AA434907-AD89-4D27-AC2B-82EEB2A4BCB3}.Debug|iPhoneSimulator.Deploy.0 = Debug|Any CPU
		{AA434907-AD89-4D27-AC2B-82EEB2A4BCB3}.Debug|x64.ActiveCfg = Debug|Any CPU
		{AA434907-AD89-4D27-AC2B-82EEB2A4BCB3}.Debug|x64.Build.0 = Debug|Any CPU
		{AA434907-AD89-4D27-AC2B-82EEB2A4BCB3}.Debug|x64.Deploy.0 = Debug|Any CPU
		{AA434907-AD89-4D27-AC2B-82EEB2A4BCB3}.Debug|x86.ActiveCfg = Debug|Any CPU
		{AA434907-AD89-4D27-AC2B-82EEB2A4BCB3}.Debug|x86.Build.0 = Debug|Any CPU
		{AA434907-AD89-4D27-AC2B-82EEB2A4BCB3}.Debug|x86.Deploy.0 = Debug|Any CPU
		{AA434907-AD89-4D27-AC2B-82EEB2A4BCB3}.Release|Any CPU.ActiveCfg = Release|Any CPU
		{AA434907-AD89-4D27-AC2B-82EEB2A4BCB3}.Release|Any CPU.Build.0 = Release|Any CPU
		{AA434907-AD89-4D27-AC2B-82EEB2A4BCB3}.Release|Any CPU.Deploy.0 = Release|Any CPU
		{AA434907-AD89-4D27-AC2B-82EEB2A4BCB3}.Release|ARM.ActiveCfg = Release|Any CPU
		{AA434907-AD89-4D27-AC2B-82EEB2A4BCB3}.Release|ARM.Build.0 = Release|Any CPU
		{AA434907-AD89-4D27-AC2B-82EEB2A4BCB3}.Release|ARM.Deploy.0 = Release|Any CPU
		{AA434907-AD89-4D27-AC2B-82EEB2A4BCB3}.Release|iPhone.ActiveCfg = Release|Any CPU
		{AA434907-AD89-4D27-AC2B-82EEB2A4BCB3}.Release|iPhone.Build.0 = Release|Any CPU
		{AA434907-AD89-4D27-AC2B-82EEB2A4BCB3}.Release|iPhone.Deploy.0 = Release|Any CPU
		{AA434907-AD89-4D27-AC2B-82EEB2A4BCB3}.Release|iPhoneSimulator.ActiveCfg = Release|Any CPU
		{AA434907-AD89-4D27-AC2B-82EEB2A4BCB3}.Release|iPhoneSimulator.Build.0 = Release|Any CPU
		{AA434907-AD89-4D27-AC2B-82EEB2A4BCB3}.Release|iPhoneSimulator.Deploy.0 = Release|Any CPU
		{AA434907-AD89-4D27-AC2B-82EEB2A4BCB3}.Release|x64.ActiveCfg = Release|Any CPU
		{AA434907-AD89-4D27-AC2B-82EEB2A4BCB3}.Release|x64.Build.0 = Release|Any CPU
		{AA434907-AD89-4D27-AC2B-82EEB2A4BCB3}.Release|x64.Deploy.0 = Release|Any CPU
		{AA434907-AD89-4D27-AC2B-82EEB2A4BCB3}.Release|x86.ActiveCfg = Release|Any CPU
		{AA434907-AD89-4D27-AC2B-82EEB2A4BCB3}.Release|x86.Build.0 = Release|Any CPU
		{AA434907-AD89-4D27-AC2B-82EEB2A4BCB3}.Release|x86.Deploy.0 = Release|Any CPU
		{54E42DD1-5388-499A-93F8-B2F3BF123C80}.Debug|Any CPU.ActiveCfg = Debug|iPhone
		{54E42DD1-5388-499A-93F8-B2F3BF123C80}.Debug|Any CPU.Build.0 = Debug|iPhone
		{54E42DD1-5388-499A-93F8-B2F3BF123C80}.Debug|Any CPU.Deploy.0 = Debug|iPhone
		{54E42DD1-5388-499A-93F8-B2F3BF123C80}.Debug|ARM.ActiveCfg = Debug|iPhone
		{54E42DD1-5388-499A-93F8-B2F3BF123C80}.Debug|ARM.Build.0 = Debug|iPhone
		{54E42DD1-5388-499A-93F8-B2F3BF123C80}.Debug|ARM.Deploy.0 = Debug|iPhone
		{54E42DD1-5388-499A-93F8-B2F3BF123C80}.Debug|iPhone.ActiveCfg = Debug|iPhone
		{54E42DD1-5388-499A-93F8-B2F3BF123C80}.Debug|iPhone.Build.0 = Debug|iPhone
		{54E42DD1-5388-499A-93F8-B2F3BF123C80}.Debug|iPhone.Deploy.0 = Debug|iPhone
		{54E42DD1-5388-499A-93F8-B2F3BF123C80}.Debug|iPhoneSimulator.ActiveCfg = Debug|iPhoneSimulator
		{54E42DD1-5388-499A-93F8-B2F3BF123C80}.Debug|iPhoneSimulator.Build.0 = Debug|iPhoneSimulator
		{54E42DD1-5388-499A-93F8-B2F3BF123C80}.Debug|iPhoneSimulator.Deploy.0 = Debug|iPhoneSimulator
		{54E42DD1-5388-499A-93F8-B2F3BF123C80}.Debug|x64.ActiveCfg = Debug|iPhone
		{54E42DD1-5388-499A-93F8-B2F3BF123C80}.Debug|x64.Build.0 = Debug|iPhone
		{54E42DD1-5388-499A-93F8-B2F3BF123C80}.Debug|x64.Deploy.0 = Debug|iPhone
		{54E42DD1-5388-499A-93F8-B2F3BF123C80}.Debug|x86.ActiveCfg = Debug|iPhone
		{54E42DD1-5388-499A-93F8-B2F3BF123C80}.Debug|x86.Build.0 = Debug|iPhone
		{54E42DD1-5388-499A-93F8-B2F3BF123C80}.Debug|x86.Deploy.0 = Debug|iPhone
		{54E42DD1-5388-499A-93F8-B2F3BF123C80}.Release|Any CPU.ActiveCfg = Release|iPhone
		{54E42DD1-5388-499A-93F8-B2F3BF123C80}.Release|Any CPU.Build.0 = Release|iPhone
		{54E42DD1-5388-499A-93F8-B2F3BF123C80}.Release|Any CPU.Deploy.0 = Release|iPhone
		{54E42DD1-5388-499A-93F8-B2F3BF123C80}.Release|ARM.ActiveCfg = Release|iPhone
		{54E42DD1-5388-499A-93F8-B2F3BF123C80}.Release|ARM.Build.0 = Release|iPhone
		{54E42DD1-5388-499A-93F8-B2F3BF123C80}.Release|ARM.Deploy.0 = Release|iPhone
		{54E42DD1-5388-499A-93F8-B2F3BF123C80}.Release|iPhone.ActiveCfg = Release|iPhone
		{54E42DD1-5388-499A-93F8-B2F3BF123C80}.Release|iPhone.Build.0 = Release|iPhone
		{54E42DD1-5388-499A-93F8-B2F3BF123C80}.Release|iPhone.Deploy.0 = Release|iPhone
		{54E42DD1-5388-499A-93F8-B2F3BF123C80}.Release|iPhoneSimulator.ActiveCfg = Release|iPhoneSimulator
		{54E42DD1-5388-499A-93F8-B2F3BF123C80}.Release|iPhoneSimulator.Build.0 = Release|iPhoneSimulator
		{54E42DD1-5388-499A-93F8-B2F3BF123C80}.Release|iPhoneSimulator.Deploy.0 = Release|iPhoneSimulator
		{54E42DD1-5388-499A-93F8-B2F3BF123C80}.Release|x64.ActiveCfg = Release|iPhone
		{54E42DD1-5388-499A-93F8-B2F3BF123C80}.Release|x64.Build.0 = Release|iPhone
		{54E42DD1-5388-499A-93F8-B2F3BF123C80}.Release|x64.Deploy.0 = Release|iPhone
		{54E42DD1-5388-499A-93F8-B2F3BF123C80}.Release|x86.ActiveCfg = Release|iPhone
		{54E42DD1-5388-499A-93F8-B2F3BF123C80}.Release|x86.Build.0 = Release|iPhone
		{54E42DD1-5388-499A-93F8-B2F3BF123C80}.Release|x86.Deploy.0 = Release|iPhone
		{865C54A4-4C72-445E-B95B-C6B1566856CC}.Debug|Any CPU.ActiveCfg = Debug|Any CPU
		{865C54A4-4C72-445E-B95B-C6B1566856CC}.Debug|Any CPU.Build.0 = Debug|Any CPU
		{865C54A4-4C72-445E-B95B-C6B1566856CC}.Debug|Any CPU.Deploy.0 = Debug|Any CPU
		{865C54A4-4C72-445E-B95B-C6B1566856CC}.Debug|ARM.ActiveCfg = Debug|Any CPU
		{865C54A4-4C72-445E-B95B-C6B1566856CC}.Debug|ARM.Build.0 = Debug|Any CPU
		{865C54A4-4C72-445E-B95B-C6B1566856CC}.Debug|ARM.Deploy.0 = Debug|Any CPU
		{865C54A4-4C72-445E-B95B-C6B1566856CC}.Debug|iPhone.ActiveCfg = Debug|Any CPU
		{865C54A4-4C72-445E-B95B-C6B1566856CC}.Debug|iPhone.Build.0 = Debug|Any CPU
		{865C54A4-4C72-445E-B95B-C6B1566856CC}.Debug|iPhone.Deploy.0 = Debug|Any CPU
		{865C54A4-4C72-445E-B95B-C6B1566856CC}.Debug|iPhoneSimulator.ActiveCfg = Debug|Any CPU
		{865C54A4-4C72-445E-B95B-C6B1566856CC}.Debug|iPhoneSimulator.Build.0 = Debug|Any CPU
		{865C54A4-4C72-445E-B95B-C6B1566856CC}.Debug|iPhoneSimulator.Deploy.0 = Debug|Any CPU
		{865C54A4-4C72-445E-B95B-C6B1566856CC}.Debug|x64.ActiveCfg = Debug|Any CPU
		{865C54A4-4C72-445E-B95B-C6B1566856CC}.Debug|x64.Build.0 = Debug|Any CPU
		{865C54A4-4C72-445E-B95B-C6B1566856CC}.Debug|x64.Deploy.0 = Debug|Any CPU
		{865C54A4-4C72-445E-B95B-C6B1566856CC}.Debug|x86.ActiveCfg = Debug|Any CPU
		{865C54A4-4C72-445E-B95B-C6B1566856CC}.Debug|x86.Build.0 = Debug|Any CPU
		{865C54A4-4C72-445E-B95B-C6B1566856CC}.Debug|x86.Deploy.0 = Debug|Any CPU
		{865C54A4-4C72-445E-B95B-C6B1566856CC}.Release|Any CPU.ActiveCfg = Release|Any CPU
		{865C54A4-4C72-445E-B95B-C6B1566856CC}.Release|Any CPU.Build.0 = Release|Any CPU
		{865C54A4-4C72-445E-B95B-C6B1566856CC}.Release|Any CPU.Deploy.0 = Release|Any CPU
		{865C54A4-4C72-445E-B95B-C6B1566856CC}.Release|ARM.ActiveCfg = Release|Any CPU
		{865C54A4-4C72-445E-B95B-C6B1566856CC}.Release|ARM.Build.0 = Release|Any CPU
		{865C54A4-4C72-445E-B95B-C6B1566856CC}.Release|ARM.Deploy.0 = Release|Any CPU
		{865C54A4-4C72-445E-B95B-C6B1566856CC}.Release|iPhone.ActiveCfg = Release|Any CPU
		{865C54A4-4C72-445E-B95B-C6B1566856CC}.Release|iPhone.Build.0 = Release|Any CPU
		{865C54A4-4C72-445E-B95B-C6B1566856CC}.Release|iPhone.Deploy.0 = Release|Any CPU
		{865C54A4-4C72-445E-B95B-C6B1566856CC}.Release|iPhoneSimulator.ActiveCfg = Release|Any CPU
		{865C54A4-4C72-445E-B95B-C6B1566856CC}.Release|iPhoneSimulator.Build.0 = Release|Any CPU
		{865C54A4-4C72-445E-B95B-C6B1566856CC}.Release|iPhoneSimulator.Deploy.0 = Release|Any CPU
		{865C54A4-4C72-445E-B95B-C6B1566856CC}.Release|x64.ActiveCfg = Release|Any CPU
		{865C54A4-4C72-445E-B95B-C6B1566856CC}.Release|x64.Build.0 = Release|Any CPU
		{865C54A4-4C72-445E-B95B-C6B1566856CC}.Release|x64.Deploy.0 = Release|Any CPU
		{865C54A4-4C72-445E-B95B-C6B1566856CC}.Release|x86.ActiveCfg = Release|Any CPU
		{865C54A4-4C72-445E-B95B-C6B1566856CC}.Release|x86.Build.0 = Release|Any CPU
		{865C54A4-4C72-445E-B95B-C6B1566856CC}.Release|x86.Deploy.0 = Release|Any CPU
	EndGlobalSection
	GlobalSection(SolutionProperties) = preSolution
		HideSolutionNode = FALSE
	EndGlobalSection
	GlobalSection(ExtensibilityGlobals) = postSolution
		SolutionGuid = {F71CB32A-4FC0-43A5-BAB7-C3F377521BB8}
	EndGlobalSection
EndGlobal
